
Microsoft Visual Studio Solution File, Format Version 12.00
# Visual Studio Version 16
VisualStudioVersion = 16.0.32413.511
MinimumVisualStudioVersion = 10.0.40219.1
Project("{FAE04EC0-301F-11D3-BF4B-00C04F79EFBC}") = "Course Schedule", "Course Schedule\Course Schedule.csproj", "{667BA8FF-A6F3-4570-ADFA-339094C38635}"
EndProject
Global
	GlobalSection(SolutionConfigurationPlatforms) = preSolution
		Debug|Any CPU = Debug|Any CPU
		Release|Any CPU = Release|Any CPU
	EndGlobalSection
	GlobalSection(ProjectConfigurationPlatforms) = postSolution
		{667BA8FF-A6F3-4570-ADFA-339094C38635}.Debug|Any CPU.ActiveCfg = Debug|Any CPU
		{667BA8FF-A6F3-4570-ADFA-339094C38635}.Debug|Any CPU.Build.0 = Debug|Any CPU
		{667BA8FF-A6F3-4570-ADFA-339094C38635}.Release|Any CPU.ActiveCfg = Release|Any CPU
		{667BA8FF-A6F3-4570-ADFA-339094C38635}.Release|Any CPU.Build.0 = Release|Any CPU
	EndGlobalSection
	GlobalSection(SolutionProperties) = preSolution
		HideSolutionNode = FALSE
	EndGlobalSection
	GlobalSection(ExtensibilityGlobals) = postSolution
		SolutionGuid = {6189E266-814D-4215-8DC2-E932AF842A91}
	EndGlobalSection
EndGlobal
